// !$*UTF8*$!
{
	archiveVersion = 1;
	classes = {
	};
	objectVersion = 46;
	objects = {

/* Begin PBXBuildFile section */
		85283EF615A812AA0057531A /* Foundation.framework in Frameworks */ = {isa = PBXBuildFile; fileRef = 85283EF515A812AA0057531A /* Foundation.framework */; };
		85283EFC15A812AA0057531A /* NativeCameraExtensioniOS.m in Sources */ = {isa = PBXBuildFile; fileRef = 85283EFB15A812AA0057531A /* NativeCameraExtensioniOS.m */; };
		85283F0315A814B80057531A /* FlashRuntimeExtensions.h in Headers */ = {isa = PBXBuildFile; fileRef = 85283F0215A814B80057531A /* FlashRuntimeExtensions.h */; };
		85414E2D15C9009200A68756 /* CameraDelegate.h in Headers */ = {isa = PBXBuildFile; fileRef = 85414E2B15C9009200A68756 /* CameraDelegate.h */; };
		85414E2E15C9009200A68756 /* CameraDelegate.m in Sources */ = {isa = PBXBuildFile; fileRef = 85414E2C15C9009200A68756 /* CameraDelegate.m */; };
		85A5526115AB2B18003A871D /* AVFoundation.framework in Frameworks */ = {isa = PBXBuildFile; fileRef = 85A5526015AB2B18003A871D /* AVFoundation.framework */; };
		85A5526C15AB3058003A871D /* ImageIO.framework in Frameworks */ = {isa = PBXBuildFile; fileRef = 85A5526B15AB3058003A871D /* ImageIO.framework */; };
		85B7412D15C6CE62007EBCD2 /* CoreImage.framework in Frameworks */ = {isa = PBXBuildFile; fileRef = 85B7412C15C6CE62007EBCD2 /* CoreImage.framework */; };
/* End PBXBuildFile section */

/* Begin PBXFileReference section */
		85283EF215A812AA0057531A /* libNativeCameraExtensioniOS.a */ = {isa = PBXFileReference; explicitFileType = archive.ar; includeInIndex = 0; path = libNativeCameraExtensioniOS.a; sourceTree = BUILT_PRODUCTS_DIR; };
		85283EF515A812AA0057531A /* Foundation.framework */ = {isa = PBXFileReference; lastKnownFileType = wrapper.framework; name = Foundation.framework; path = System/Library/Frameworks/Foundation.framework; sourceTree = SDKROOT; };
		85283EF915A812AA0057531A /* NativeCameraExtensioniOS-Prefix.pch */ = {isa = PBXFileReference; lastKnownFileType = sourcecode.c.h; path = "NativeCameraExtensioniOS-Prefix.pch"; sourceTree = "<group>"; };
		85283EFA15A812AA0057531A /* NativeCameraExtensioniOS.h */ = {isa = PBXFileReference; lastKnownFileType = sourcecode.c.h; path = NativeCameraExtensioniOS.h; sourceTree = "<group>"; };
		85283EFB15A812AA0057531A /* NativeCameraExtensioniOS.m */ = {isa = PBXFileReference; lastKnownFileType = sourcecode.c.objc; path = NativeCameraExtensioniOS.m; sourceTree = "<group>"; };
		85283F0215A814B80057531A /* FlashRuntimeExtensions.h */ = {isa = PBXFileReference; fileEncoding = 4; lastKnownFileType = sourcecode.c.h; path = FlashRuntimeExtensions.h; sourceTree = "<group>"; };
		85283F0915A83BB00057531A /* CameraTestApp.app */ = {isa = PBXFileReference; explicitFileType = wrapper.application; includeInIndex = 0; path = CameraTestApp.app; sourceTree = BUILT_PRODUCTS_DIR; };
		85283F0B15A83BB00057531A /* UIKit.framework */ = {isa = PBXFileReference; lastKnownFileType = wrapper.framework; name = UIKit.framework; path = System/Library/Frameworks/UIKit.framework; sourceTree = SDKROOT; };
		85283F0E15A83BB00057531A /* CoreGraphics.framework */ = {isa = PBXFileReference; lastKnownFileType = wrapper.framework; name = CoreGraphics.framework; path = System/Library/Frameworks/CoreGraphics.framework; sourceTree = SDKROOT; };
		85283F1215A83BB00057531A /* CameraTestApp-Info.plist */ = {isa = PBXFileReference; lastKnownFileType = text.plist.xml; path = "CameraTestApp-Info.plist"; sourceTree = "<group>"; };
		85283F1415A83BB00057531A /* en */ = {isa = PBXFileReference; lastKnownFileType = text.plist.strings; name = en; path = en.lproj/InfoPlist.strings; sourceTree = "<group>"; };
		85283F1615A83BB00057531A /* main.m */ = {isa = PBXFileReference; lastKnownFileType = sourcecode.c.objc; path = main.m; sourceTree = "<group>"; };
		85283F1815A83BB00057531A /* CameraTestApp-Prefix.pch */ = {isa = PBXFileReference; lastKnownFileType = sourcecode.c.h; path = "CameraTestApp-Prefix.pch"; sourceTree = "<group>"; };
		85283F1915A83BB00057531A /* AppDelegate.h */ = {isa = PBXFileReference; lastKnownFileType = sourcecode.c.h; path = AppDelegate.h; sourceTree = "<group>"; };
		85283F1A15A83BB00057531A /* AppDelegate.m */ = {isa = PBXFileReference; lastKnownFileType = sourcecode.c.objc; path = AppDelegate.m; sourceTree = "<group>"; };
		85414E2B15C9009200A68756 /* CameraDelegate.h */ = {isa = PBXFileReference; fileEncoding = 4; lastKnownFileType = sourcecode.c.h; path = CameraDelegate.h; sourceTree = "<group>"; };
		85414E2C15C9009200A68756 /* CameraDelegate.m */ = {isa = PBXFileReference; fileEncoding = 4; lastKnownFileType = sourcecode.c.objc; path = CameraDelegate.m; sourceTree = "<group>"; };
		85837B831619A1FE00A19114 /* Default-568h@2x.png */ = {isa = PBXFileReference; lastKnownFileType = image.png; path = "Default-568h@2x.png"; sourceTree = "<group>"; };
		85A5526015AB2B18003A871D /* AVFoundation.framework */ = {isa = PBXFileReference; lastKnownFileType = wrapper.framework; name = AVFoundation.framework; path = System/Library/Frameworks/AVFoundation.framework; sourceTree = SDKROOT; };
		85A5526B15AB3058003A871D /* ImageIO.framework */ = {isa = PBXFileReference; lastKnownFileType = wrapper.framework; name = ImageIO.framework; path = System/Library/Frameworks/ImageIO.framework; sourceTree = SDKROOT; };
		85B7412C15C6CE62007EBCD2 /* CoreImage.framework */ = {isa = PBXFileReference; lastKnownFileType = wrapper.framework; name = CoreImage.framework; path = System/Library/Frameworks/CoreImage.framework; sourceTree = SDKROOT; };
/* End PBXFileReference section */

/* Begin PBXFrameworksBuildPhase section */
		85283EEF15A812AA0057531A /* Frameworks */ = {
			isa = PBXFrameworksBuildPhase;
			buildActionMask = 2147483647;
			files = (
				85B7412D15C6CE62007EBCD2 /* CoreImage.framework in Frameworks */,
				85A5526C15AB3058003A871D /* ImageIO.framework in Frameworks */,
				85A5526115AB2B18003A871D /* AVFoundation.framework in Frameworks */,
				85283EF615A812AA0057531A /* Foundation.framework in Frameworks */,
			);
			runOnlyForDeploymentPostprocessing = 0;
		};
/* End PBXFrameworksBuildPhase section */

/* Begin PBXGroup section */
		85283EE715A812AA0057531A = {
			isa = PBXGroup;
			children = (
				85837B831619A1FE00A19114 /* Default-568h@2x.png */,
				85283EF715A812AA0057531A /* NativeCameraExtensioniOS */,
				85283F1015A83BB00057531A /* CameraTestApp */,
				85283EF415A812AA0057531A /* Frameworks */,
				85283EF315A812AA0057531A /* Products */,
			);
			sourceTree = "<group>";
		};
		85283EF315A812AA0057531A /* Products */ = {
			isa = PBXGroup;
			children = (
				85283EF215A812AA0057531A /* libNativeCameraExtensioniOS.a */,
				85283F0915A83BB00057531A /* CameraTestApp.app */,
			);
			name = Products;
			sourceTree = "<group>";
		};
		85283EF415A812AA0057531A /* Frameworks */ = {
			isa = PBXGroup;
			children = (
				85B7412C15C6CE62007EBCD2 /* CoreImage.framework */,
				85A5526B15AB3058003A871D /* ImageIO.framework */,
				85A5526015AB2B18003A871D /* AVFoundation.framework */,
				85283EF515A812AA0057531A /* Foundation.framework */,
				85283F0B15A83BB00057531A /* UIKit.framework */,
				85283F0E15A83BB00057531A /* CoreGraphics.framework */,
			);
			name = Frameworks;
			sourceTree = "<group>";
		};
		85283EF715A812AA0057531A /* NativeCameraExtensioniOS */ = {
			isa = PBXGroup;
			children = (
				85283F0415A814C80057531A /* Flash headers */,
				85283EFA15A812AA0057531A /* NativeCameraExtensioniOS.h */,
				85283EFB15A812AA0057531A /* NativeCameraExtensioniOS.m */,
				85283EF815A812AA0057531A /* Supporting Files */,
				85414E2B15C9009200A68756 /* CameraDelegate.h */,
				85414E2C15C9009200A68756 /* CameraDelegate.m */,
			);
			path = NativeCameraExtensioniOS;
			sourceTree = "<group>";
		};
		85283EF815A812AA0057531A /* Supporting Files */ = {
			isa = PBXGroup;
			children = (
				85283EF915A812AA0057531A /* NativeCameraExtensioniOS-Prefix.pch */,
			);
			name = "Supporting Files";
			sourceTree = "<group>";
		};
		85283F0415A814C80057531A /* Flash headers */ = {
			isa = PBXGroup;
			children = (
				85283F0215A814B80057531A /* FlashRuntimeExtensions.h */,
			);
			name = "Flash headers";
			sourceTree = "<group>";
		};
		85283F1015A83BB00057531A /* CameraTestApp */ = {
			isa = PBXGroup;
			children = (
				85283F1915A83BB00057531A /* AppDelegate.h */,
				85283F1A15A83BB00057531A /* AppDelegate.m */,
				85283F1115A83BB00057531A /* Supporting Files */,
			);
			path = CameraTestApp;
			sourceTree = "<group>";
		};
		85283F1115A83BB00057531A /* Supporting Files */ = {
			isa = PBXGroup;
			children = (
				85283F1215A83BB00057531A /* CameraTestApp-Info.plist */,
				85283F1315A83BB00057531A /* InfoPlist.strings */,
				85283F1615A83BB00057531A /* main.m */,
				85283F1815A83BB00057531A /* CameraTestApp-Prefix.pch */,
			);
			name = "Supporting Files";
			sourceTree = "<group>";
		};
/* End PBXGroup section */

/* Begin PBXHeadersBuildPhase section */
		85283EF015A812AA0057531A /* Headers */ = {
			isa = PBXHeadersBuildPhase;
			buildActionMask = 2147483647;
			files = (
				85283F0315A814B80057531A /* FlashRuntimeExtensions.h in Headers */,
				85414E2D15C9009200A68756 /* CameraDelegate.h in Headers */,
			);
			runOnlyForDeploymentPostprocessing = 0;
		};
/* End PBXHeadersBuildPhase section */

/* Begin PBXNativeTarget section */
		85283EF115A812AA0057531A /* NativeCameraExtensioniOS */ = {
			isa = PBXNativeTarget;
			buildConfigurationList = 85283EFF15A812AA0057531A /* Build configuration list for PBXNativeTarget "NativeCameraExtensioniOS" */;
			buildPhases = (
				85283EEE15A812AA0057531A /* Sources */,
				85283EEF15A812AA0057531A /* Frameworks */,
				85283EF015A812AA0057531A /* Headers */,
			);
			buildRules = (
			);
			dependencies = (
			);
			name = NativeCameraExtensioniOS;
			productName = NativeCameraExtensioniOS;
			productReference = 85283EF215A812AA0057531A /* libNativeCameraExtensioniOS.a */;
			productType = "com.apple.product-type.library.static";
		};
		85283F0815A83BB00057531A /* CameraTestApp */ = {
			isa = PBXNativeTarget;
			buildConfigurationList = 85283F1C15A83BB00057531A /* Build configuration list for PBXNativeTarget "CameraTestApp" */;
			buildPhases = (
				85283F1F15A83BE90057531A /* ShellScript */,
			);
			buildRules = (
			);
			dependencies = (
			);
			name = CameraTestApp;
			productName = CameraTestApp;
			productReference = 85283F0915A83BB00057531A /* CameraTestApp.app */;
			productType = "com.apple.product-type.application";
		};
/* End PBXNativeTarget section */

/* Begin PBXProject section */
		85283EE915A812AA0057531A /* Project object */ = {
			isa = PBXProject;
			attributes = {
				LastUpgradeCheck = 0430;
				ORGANIZATIONNAME = DiaDraw;
			};
			buildConfigurationList = 85283EEC15A812AA0057531A /* Build configuration list for PBXProject "NativeCameraExtensioniOS" */;
			compatibilityVersion = "Xcode 3.2";
			developmentRegion = English;
			hasScannedForEncodings = 0;
			knownRegions = (
				en,
			);
			mainGroup = 85283EE715A812AA0057531A;
			productRefGroup = 85283EF315A812AA0057531A /* Products */;
			projectDirPath = "";
			projectRoot = "";
			targets = (
				85283EF115A812AA0057531A /* NativeCameraExtensioniOS */,
				85283F0815A83BB00057531A /* CameraTestApp */,
			);
		};
/* End PBXProject section */

/* Begin PBXShellScriptBuildPhase section */
		85283F1F15A83BE90057531A /* ShellScript */ = {
			isa = PBXShellScriptBuildPhase;
			buildActionMask = 2147483647;
			files = (
			);
			inputPaths = (
			);
			outputPaths = (
			);
			runOnlyForDeploymentPostprocessing = 0;
			shellPath = /bin/sh;
			shellScript = "#!/bin/bash\npwd\n\npushd ../../../binaries/ipa\n\n#Declare some variables:\n#on Mac:\nadt_directory=\"/Applications/Adobe Flash Builder 4.6/sdks/4.6.0/bin\"\n\ncert_directory=\"../../certificates\"\nprovisioning_profile=${cert_directory}/iOS_Team_Provisioning_Profile_.mobileprovision\ndeveloper_identity=${cert_directory}/ios_developer_private_key.p12\n\nplatformSDK_directory=\"/Developer/Xcode.app/Contents/Developer/Platforms/iPhoneOS.platform/Developer/SDKs/iPhoneOS5.1.sdk\"\n\napp_bin_directory=\"../../FlexApp\"\n\nextension_directory=\"../ane\"\n\ndest_ipa=CameraTestApp.ipa\n\napp_config_file=CameraTestApp-app.xml\n\nswf_file=CameraTestApp.swf\n\nlogo_directory=\"${app_bin_directory}\"/src/assets\n\n#Clean up the terrain from old packages:\nrm -f *\n#rm -f \"${dest_ipa}\"\n#rm -f *.swf\n#rm -f *.xml\n#rm -f -r *.dSYM\n\n#Copy the ingredients for the package:\ncp -f \"${app_bin_directory}\"/bin-debug/CameraTestApp.swf .\ncp -f \"${app_bin_directory}\"/bin-debug/CameraTestApp-app.xml .\ncp -f -r \"${logo_directory}\" .\n\n\n\"${adt_directory}\"/adt -package -target ipa-debug-interpreter -storetype pkcs12 -keystore \"${developer_identity}\" -provisioning-profile \"${provisioning_profile}\" -storepass YourPasswordHere \"${dest_ipa}\" \"${app_config_file}\" \"${swf_file}\" -platformsdk \"${platformSDK_directory}\" -extdir \"${extension_directory}\" assets\n\n\n\n# extract the IPA\ncp CameraTestApp.ipa CameraTestApp.ipa.zip\nunzip -o CameraTestApp.ipa.zip\nrm CameraTestApp.ipa.zip\n# copy the contents of the IPA to the location xcode wants\ncp -r Payload/CameraTestApp.app/*       \"${CONFIGURATION_BUILD_DIR}/${CONTENTS_FOLDER_PATH}/\"\n                                \n                                \n                                cp -r CameraTestApp.app.dSYM \"${CONFIGURATION_BUILD_DIR}/${CONTENTS_FOLDER_PATH}/\"\n                                \n                                \n                                \n                                # remove the following files and folders to avoid signature errors when installing the app\n                                \n                                rm \"${CONFIGURATION_BUILD_DIR}/${CONTENTS_FOLDER_PATH}/_CodeSignature/CodeResources\"\n                                rmdir -f \"${CONFIGURATION_BUILD_DIR}/${CONTENTS_FOLDER_PATH}/_CodeSignature\"\n                                rm \"${CONFIGURATION_BUILD_DIR}/${CONTENTS_FOLDER_PATH}/CodeResources\"\n                                rm \"${CONFIGURATION_BUILD_DIR}/${CONTENTS_FOLDER_PATH}/PkgInfo\"\n                                \n                                # restore working directory\n                                popd";
		};
/* End PBXShellScriptBuildPhase section */

/* Begin PBXSourcesBuildPhase section */
		85283EEE15A812AA0057531A /* Sources */ = {
			isa = PBXSourcesBuildPhase;
			buildActionMask = 2147483647;
			files = (
				85283EFC15A812AA0057531A /* NativeCameraExtensioniOS.m in Sources */,
				85414E2E15C9009200A68756 /* CameraDelegate.m in Sources */,
			);
			runOnlyForDeploymentPostprocessing = 0;
		};
/* End PBXSourcesBuildPhase section */

/* Begin PBXVariantGroup section */
		85283F1315A83BB00057531A /* InfoPlist.strings */ = {
			isa = PBXVariantGroup;
			children = (
				85283F1415A83BB00057531A /* en */,
			);
			name = InfoPlist.strings;
			sourceTree = "<group>";
		};
/* End PBXVariantGroup section */

/* Begin XCBuildConfiguration section */
		85283EFD15A812AA0057531A /* Debug */ = {
			isa = XCBuildConfiguration;
			buildSettings = {
				ALWAYS_SEARCH_USER_PATHS = NO;
				ARCHS = "$(ARCHS_STANDARD_32_BIT)";
				COPY_PHASE_STRIP = NO;
				GCC_C_LANGUAGE_STANDARD = gnu99;
				GCC_DYNAMIC_NO_PIC = NO;
				GCC_OPTIMIZATION_LEVEL = 0;
				GCC_PREPROCESSOR_DEFINITIONS = (
					"DEBUG=1",
					"$(inherited)",
				);
				GCC_SYMBOLS_PRIVATE_EXTERN = NO;
				GCC_VERSION = com.apple.compilers.llvm.clang.1_0;
				GCC_WARN_ABOUT_RETURN_TYPE = YES;
				GCC_WARN_UNINITIALIZED_AUTOS = YES;
				GCC_WARN_UNUSED_VARIABLE = YES;
				IPHONEOS_DEPLOYMENT_TARGET = 5.1;
				SDKROOT = iphoneos;
			};
			name = Debug;
		};
		85283EFE15A812AA0057531A /* Release */ = {
			isa = XCBuildConfiguration;
			buildSettings = {
				ALWAYS_SEARCH_USER_PATHS = NO;
				ARCHS = "$(ARCHS_STANDARD_32_BIT)";
				COPY_PHASE_STRIP = YES;
				GCC_C_LANGUAGE_STANDARD = gnu99;
				GCC_VERSION = com.apple.compilers.llvm.clang.1_0;
				GCC_WARN_ABOUT_RETURN_TYPE = YES;
				GCC_WARN_UNINITIALIZED_AUTOS = YES;
				GCC_WARN_UNUSED_VARIABLE = YES;
				IPHONEOS_DEPLOYMENT_TARGET = 5.1;
				SDKROOT = iphoneos;
				VALIDATE_PRODUCT = YES;
			};
			name = Release;
		};
		85283F0015A812AA0057531A /* Debug */ = {
			isa = XCBuildConfiguration;
			buildSettings = {
				DSTROOT = /tmp/NativeCameraExtensioniOS.dst;
				GCC_PRECOMPILE_PREFIX_HEADER = YES;
				GCC_PREFIX_HEADER = "NativeCameraExtensioniOS/NativeCameraExtensioniOS-Prefix.pch";
				OTHER_LDFLAGS = "-ObjC";
				PRODUCT_NAME = "$(TARGET_NAME)";
				SKIP_INSTALL = YES;
			};
			name = Debug;
		};
		85283F0115A812AA0057531A /* Release */ = {
			isa = XCBuildConfiguration;
			buildSettings = {
				DSTROOT = /tmp/NativeCameraExtensioniOS.dst;
				GCC_PRECOMPILE_PREFIX_HEADER = YES;
				GCC_PREFIX_HEADER = "NativeCameraExtensioniOS/NativeCameraExtensioniOS-Prefix.pch";
				OTHER_LDFLAGS = "-ObjC";
				PRODUCT_NAME = "$(TARGET_NAME)";
				SKIP_INSTALL = YES;
			};
			name = Release;
		};
		85283F1D15A83BB00057531A /* Debug */ = {
			isa = XCBuildConfiguration;
			buildSettings = {
				"CODE_SIGN_IDENTITY[sdk=iphoneos*]" = "iPhone Developer";
				GCC_PRECOMPILE_PREFIX_HEADER = YES;
				GCC_PREFIX_HEADER = "CameraTestApp/CameraTestApp-Prefix.pch";
				INFOPLIST_FILE = "CameraTestApp/CameraTestApp-Info.plist";
				PRODUCT_NAME = "$(TARGET_NAME)";
				TARGETED_DEVICE_FAMILY = "1,2";
				WRAPPER_EXTENSION = app;
			};
			name = Debug;
		};
		85283F1E15A83BB00057531A /* Release */ = {
			isa = XCBuildConfiguration;
			buildSettings = {
				"CODE_SIGN_IDENTITY[sdk=iphoneos*]" = "iPhone Developer";
				GCC_PRECOMPILE_PREFIX_HEADER = YES;
				GCC_PREFIX_HEADER = "CameraTestApp/CameraTestApp-Prefix.pch";
				INFOPLIST_FILE = "CameraTestApp/CameraTestApp-Info.plist";
				OTHER_CFLAGS = "-DNS_BLOCK_ASSERTIONS=1";
				PRODUCT_NAME = "$(TARGET_NAME)";
				TARGETED_DEVICE_FAMILY = "1,2";
				WRAPPER_EXTENSION = app;
			};
			name = Release;
		};
/* End XCBuildConfiguration section */

/* Begin XCConfigurationList section */
		85283EEC15A812AA0057531A /* Build configuration list for PBXProject "NativeCameraExtensioniOS" */ = {
			isa = XCConfigurationList;
			buildConfigurations = (
				85283EFD15A812AA0057531A /* Debug */,
				85283EFE15A812AA0057531A /* Release */,
			);
			defaultConfigurationIsVisible = 0;
			defaultConfigurationName = Release;
		};
		85283EFF15A812AA0057531A /* Build configuration list for PBXNativeTarget "NativeCameraExtensioniOS" */ = {
			isa = XCConfigurationList;
			buildConfigurations = (
				85283F0015A812AA0057531A /* Debug */,
				85283F0115A812AA0057531A /* Release */,
			);
			defaultConfigurationIsVisible = 0;
			defaultConfigurationName = Release;
		};
		85283F1C15A83BB00057531A /* Build configuration list for PBXNativeTarget "CameraTestApp" */ = {
			isa = XCConfigurationList;
			buildConfigurations = (
				85283F1D15A83BB00057531A /* Debug */,
				85283F1E15A83BB00057531A /* Release */,
			);
			defaultConfigurationIsVisible = 0;
			defaultConfigurationName = Release;
		};
/* End XCConfigurationList section */
	};
	rootObject = 85283EE915A812AA0057531A /* Project object */;
}
